// !$*UTF8*$!
{
	archiveVersion = 1;
	classes = {
	};
	objectVersion = 56;
	objects = {

/* Begin PBXBuildFile section */
		842E5DCD2BD2E2DA008D901B /* SFSymbols.swift in Sources */ = {isa = PBXBuildFile; fileRef = 842E5DCC2BD2E2DA008D901B /* SFSymbols.swift */; };
		842E5DCF2BD304F1008D901B /* TabBarButton.swift in Sources */ = {isa = PBXBuildFile; fileRef = 842E5DCE2BD304F1008D901B /* TabBarButton.swift */; };
		845141482BBF6366002A813A /* NavBar.swift in Sources */ = {isa = PBXBuildFile; fileRef = 845141472BBF6366002A813A /* NavBar.swift */; };
		8451414D2BCDF6DD002A813A /* AppNav.swift in Sources */ = {isa = PBXBuildFile; fileRef = 8451414C2BCDF6DD002A813A /* AppNav.swift */; };
		B5068EEC2BACE8EC00B4EC60 /* calendarAppApp.swift in Sources */ = {isa = PBXBuildFile; fileRef = B5068EEB2BACE8EC00B4EC60 /* calendarAppApp.swift */; };
		B5068EEE2BACE8EC00B4EC60 /* ContentView.swift in Sources */ = {isa = PBXBuildFile; fileRef = B5068EED2BACE8EC00B4EC60 /* ContentView.swift */; };
		B5068EF02BACE8EC00B4EC60 /* Item.swift in Sources */ = {isa = PBXBuildFile; fileRef = B5068EEF2BACE8EC00B4EC60 /* Item.swift */; };
		B5068EF22BACE8EE00B4EC60 /* Assets.xcassets in Resources */ = {isa = PBXBuildFile; fileRef = B5068EF12BACE8EE00B4EC60 /* Assets.xcassets */; };
		B5068EF52BACE8EE00B4EC60 /* Preview Assets.xcassets in Resources */ = {isa = PBXBuildFile; fileRef = B5068EF42BACE8EE00B4EC60 /* Preview Assets.xcassets */; };
		B5068EFF2BACE8EE00B4EC60 /* calendarAppTests.swift in Sources */ = {isa = PBXBuildFile; fileRef = B5068EFE2BACE8EE00B4EC60 /* calendarAppTests.swift */; };
		B5068F092BACE8EE00B4EC60 /* calendarAppUITests.swift in Sources */ = {isa = PBXBuildFile; fileRef = B5068F082BACE8EE00B4EC60 /* calendarAppUITests.swift */; };
		B5068F0B2BACE8EE00B4EC60 /* calendarAppUITestsLaunchTests.swift in Sources */ = {isa = PBXBuildFile; fileRef = B5068F0A2BACE8EE00B4EC60 /* calendarAppUITestsLaunchTests.swift */; };
		B5F21A9C2BBC6A08003D3109 /* NotesPage.swift in Sources */ = {isa = PBXBuildFile; fileRef = B5F21A9B2BBC6A08003D3109 /* NotesPage.swift */; };
/* End PBXBuildFile section */

/* Begin PBXContainerItemProxy section */
		B5068EFB2BACE8EE00B4EC60 /* PBXContainerItemProxy */ = {
			isa = PBXContainerItemProxy;
			containerPortal = B5068EE02BACE8EC00B4EC60 /* Project object */;
			proxyType = 1;
			remoteGlobalIDString = B5068EE72BACE8EC00B4EC60;
			remoteInfo = calendarApp;
		};
		B5068F052BACE8EE00B4EC60 /* PBXContainerItemProxy */ = {
			isa = PBXContainerItemProxy;
			containerPortal = B5068EE02BACE8EC00B4EC60 /* Project object */;
			proxyType = 1;
			remoteGlobalIDString = B5068EE72BACE8EC00B4EC60;
			remoteInfo = calendarApp;
		};
/* End PBXContainerItemProxy section */

/* Begin PBXFileReference section */
		842E5DCC2BD2E2DA008D901B /* SFSymbols.swift */ = {isa = PBXFileReference; lastKnownFileType = sourcecode.swift; path = SFSymbols.swift; sourceTree = "<group>"; };
		842E5DCE2BD304F1008D901B /* TabBarButton.swift */ = {isa = PBXFileReference; lastKnownFileType = sourcecode.swift; path = TabBarButton.swift; sourceTree = "<group>"; };
		845141472BBF6366002A813A /* NavBar.swift */ = {isa = PBXFileReference; lastKnownFileType = sourcecode.swift; path = NavBar.swift; sourceTree = "<group>"; };
		8451414C2BCDF6DD002A813A /* AppNav.swift */ = {isa = PBXFileReference; lastKnownFileType = sourcecode.swift; path = AppNav.swift; sourceTree = "<group>"; };
		B5068EE82BACE8EC00B4EC60 /* calendarApp.app */ = {isa = PBXFileReference; explicitFileType = wrapper.application; includeInIndex = 0; path = calendarApp.app; sourceTree = BUILT_PRODUCTS_DIR; };
		B5068EEB2BACE8EC00B4EC60 /* calendarAppApp.swift */ = {isa = PBXFileReference; lastKnownFileType = sourcecode.swift; path = calendarAppApp.swift; sourceTree = "<group>"; };
		B5068EED2BACE8EC00B4EC60 /* ContentView.swift */ = {isa = PBXFileReference; lastKnownFileType = sourcecode.swift; path = ContentView.swift; sourceTree = "<group>"; };
		B5068EEF2BACE8EC00B4EC60 /* Item.swift */ = {isa = PBXFileReference; lastKnownFileType = sourcecode.swift; path = Item.swift; sourceTree = "<group>"; };
		B5068EF12BACE8EE00B4EC60 /* Assets.xcassets */ = {isa = PBXFileReference; lastKnownFileType = folder.assetcatalog; path = Assets.xcassets; sourceTree = "<group>"; };
		B5068EF42BACE8EE00B4EC60 /* Preview Assets.xcassets */ = {isa = PBXFileReference; lastKnownFileType = folder.assetcatalog; path = "Preview Assets.xcassets"; sourceTree = "<group>"; };
		B5068EFA2BACE8EE00B4EC60 /* calendarAppTests.xctest */ = {isa = PBXFileReference; explicitFileType = wrapper.cfbundle; includeInIndex = 0; path = calendarAppTests.xctest; sourceTree = BUILT_PRODUCTS_DIR; };
		B5068EFE2BACE8EE00B4EC60 /* calendarAppTests.swift */ = {isa = PBXFileReference; lastKnownFileType = sourcecode.swift; path = calendarAppTests.swift; sourceTree = "<group>"; };
		B5068F042BACE8EE00B4EC60 /* calendarAppUITests.xctest */ = {isa = PBXFileReference; explicitFileType = wrapper.cfbundle; includeInIndex = 0; path = calendarAppUITests.xctest; sourceTree = BUILT_PRODUCTS_DIR; };
		B5068F082BACE8EE00B4EC60 /* calendarAppUITests.swift */ = {isa = PBXFileReference; lastKnownFileType = sourcecode.swift; path = calendarAppUITests.swift; sourceTree = "<group>"; };
		B5068F0A2BACE8EE00B4EC60 /* calendarAppUITestsLaunchTests.swift */ = {isa = PBXFileReference; lastKnownFileType = sourcecode.swift; path = calendarAppUITestsLaunchTests.swift; sourceTree = "<group>"; };
		B5F21A9B2BBC6A08003D3109 /* NotesPage.swift */ = {isa = PBXFileReference; lastKnownFileType = sourcecode.swift; path = NotesPage.swift; sourceTree = "<group>"; };
/* End PBXFileReference section */

/* Begin PBXFrameworksBuildPhase section */
		B5068EE52BACE8EC00B4EC60 /* Frameworks */ = {
			isa = PBXFrameworksBuildPhase;
			buildActionMask = 2147483647;
			files = (
			);
			runOnlyForDeploymentPostprocessing = 0;
		};
		B5068EF72BACE8EE00B4EC60 /* Frameworks */ = {
			isa = PBXFrameworksBuildPhase;
			buildActionMask = 2147483647;
			files = (
			);
			runOnlyForDeploymentPostprocessing = 0;
		};
		B5068F012BACE8EE00B4EC60 /* Frameworks */ = {
			isa = PBXFrameworksBuildPhase;
			buildActionMask = 2147483647;
			files = (
			);
			runOnlyForDeploymentPostprocessing = 0;
		};
/* End PBXFrameworksBuildPhase section */

/* Begin PBXGroup section */
		845141442BBF6308002A813A /* Navigation Bar */ = {
			isa = PBXGroup;
			children = (
				845141472BBF6366002A813A /* NavBar.swift */,
				8451414C2BCDF6DD002A813A /* AppNav.swift */,
				842E5DCC2BD2E2DA008D901B /* SFSymbols.swift */,
				842E5DCE2BD304F1008D901B /* TabBarButton.swift */,
			);
			path = "Navigation Bar";
			sourceTree = "<group>";
		};
		B5068EDF2BACE8EC00B4EC60 = {
			isa = PBXGroup;
			children = (
				B5068EEA2BACE8EC00B4EC60 /* calendarApp */,
				B5068EFD2BACE8EE00B4EC60 /* calendarAppTests */,
				B5068F072BACE8EE00B4EC60 /* calendarAppUITests */,
				B5068EE92BACE8EC00B4EC60 /* Products */,
			);
			sourceTree = "<group>";
		};
		B5068EE92BACE8EC00B4EC60 /* Products */ = {
			isa = PBXGroup;
			children = (
				B5068EE82BACE8EC00B4EC60 /* calendarApp.app */,
				B5068EFA2BACE8EE00B4EC60 /* calendarAppTests.xctest */,
				B5068F042BACE8EE00B4EC60 /* calendarAppUITests.xctest */,
			);
			name = Products;
			sourceTree = "<group>";
		};
		B5068EEA2BACE8EC00B4EC60 /* calendarApp */ = {
			isa = PBXGroup;
			children = (
				845141442BBF6308002A813A /* Navigation Bar */,
				B5068EEB2BACE8EC00B4EC60 /* calendarAppApp.swift */,
				B5068EED2BACE8EC00B4EC60 /* ContentView.swift */,
				B5068EEF2BACE8EC00B4EC60 /* Item.swift */,
				B5F21A9B2BBC6A08003D3109 /* NotesPage.swift */,
				B5068EF12BACE8EE00B4EC60 /* Assets.xcassets */,
				B5068EF32BACE8EE00B4EC60 /* Preview Content */,
			);
			path = calendarApp;
			sourceTree = "<group>";
		};
		B5068EF32BACE8EE00B4EC60 /* Preview Content */ = {
			isa = PBXGroup;
			children = (
				B5068EF42BACE8EE00B4EC60 /* Preview Assets.xcassets */,
			);
			path = "Preview Content";
			sourceTree = "<group>";
		};
		B5068EFD2BACE8EE00B4EC60 /* calendarAppTests */ = {
			isa = PBXGroup;
			children = (
				B5068EFE2BACE8EE00B4EC60 /* calendarAppTests.swift */,
			);
			path = calendarAppTests;
			sourceTree = "<group>";
		};
		B5068F072BACE8EE00B4EC60 /* calendarAppUITests */ = {
			isa = PBXGroup;
			children = (
				B5068F082BACE8EE00B4EC60 /* calendarAppUITests.swift */,
				B5068F0A2BACE8EE00B4EC60 /* calendarAppUITestsLaunchTests.swift */,
			);
			path = calendarAppUITests;
			sourceTree = "<group>";
		};
/* End PBXGroup section */

/* Begin PBXNativeTarget section */
		B5068EE72BACE8EC00B4EC60 /* calendarApp */ = {
			isa = PBXNativeTarget;
			buildConfigurationList = B5068F0E2BACE8EE00B4EC60 /* Build configuration list for PBXNativeTarget "calendarApp" */;
			buildPhases = (
				B5068EE42BACE8EC00B4EC60 /* Sources */,
				B5068EE52BACE8EC00B4EC60 /* Frameworks */,
				B5068EE62BACE8EC00B4EC60 /* Resources */,
			);
			buildRules = (
			);
			dependencies = (
			);
			name = calendarApp;
			productName = calendarApp;
			productReference = B5068EE82BACE8EC00B4EC60 /* calendarApp.app */;
			productType = "com.apple.product-type.application";
		};
		B5068EF92BACE8EE00B4EC60 /* calendarAppTests */ = {
			isa = PBXNativeTarget;
			buildConfigurationList = B5068F112BACE8EE00B4EC60 /* Build configuration list for PBXNativeTarget "calendarAppTests" */;
			buildPhases = (
				B5068EF62BACE8EE00B4EC60 /* Sources */,
				B5068EF72BACE8EE00B4EC60 /* Frameworks */,
				B5068EF82BACE8EE00B4EC60 /* Resources */,
			);
			buildRules = (
			);
			dependencies = (
				B5068EFC2BACE8EE00B4EC60 /* PBXTargetDependency */,
			);
			name = calendarAppTests;
			productName = calendarAppTests;
			productReference = B5068EFA2BACE8EE00B4EC60 /* calendarAppTests.xctest */;
			productType = "com.apple.product-type.bundle.unit-test";
		};
		B5068F032BACE8EE00B4EC60 /* calendarAppUITests */ = {
			isa = PBXNativeTarget;
			buildConfigurationList = B5068F142BACE8EE00B4EC60 /* Build configuration list for PBXNativeTarget "calendarAppUITests" */;
			buildPhases = (
				B5068F002BACE8EE00B4EC60 /* Sources */,
				B5068F012BACE8EE00B4EC60 /* Frameworks */,
				B5068F022BACE8EE00B4EC60 /* Resources */,
			);
			buildRules = (
			);
			dependencies = (
				B5068F062BACE8EE00B4EC60 /* PBXTargetDependency */,
			);
			name = calendarAppUITests;
			productName = calendarAppUITests;
			productReference = B5068F042BACE8EE00B4EC60 /* calendarAppUITests.xctest */;
			productType = "com.apple.product-type.bundle.ui-testing";
		};
/* End PBXNativeTarget section */

/* Begin PBXProject section */
		B5068EE02BACE8EC00B4EC60 /* Project object */ = {
			isa = PBXProject;
			attributes = {
				BuildIndependentTargetsInParallel = 1;
				LastSwiftUpdateCheck = 1530;
				LastUpgradeCheck = 1530;
				TargetAttributes = {
					B5068EE72BACE8EC00B4EC60 = {
						CreatedOnToolsVersion = 15.3;
					};
					B5068EF92BACE8EE00B4EC60 = {
						CreatedOnToolsVersion = 15.3;
						TestTargetID = B5068EE72BACE8EC00B4EC60;
					};
					B5068F032BACE8EE00B4EC60 = {
						CreatedOnToolsVersion = 15.3;
						TestTargetID = B5068EE72BACE8EC00B4EC60;
					};
				};
			};
			buildConfigurationList = B5068EE32BACE8EC00B4EC60 /* Build configuration list for PBXProject "calendarApp" */;
			compatibilityVersion = "Xcode 14.0";
			developmentRegion = en;
			hasScannedForEncodings = 0;
			knownRegions = (
				en,
				Base,
			);
			mainGroup = B5068EDF2BACE8EC00B4EC60;
			productRefGroup = B5068EE92BACE8EC00B4EC60 /* Products */;
			projectDirPath = "";
			projectRoot = "";
			targets = (
				B5068EE72BACE8EC00B4EC60 /* calendarApp */,
				B5068EF92BACE8EE00B4EC60 /* calendarAppTests */,
				B5068F032BACE8EE00B4EC60 /* calendarAppUITests */,
			);
		};
/* End PBXProject section */

/* Begin PBXResourcesBuildPhase section */
		B5068EE62BACE8EC00B4EC60 /* Resources */ = {
			isa = PBXResourcesBuildPhase;
			buildActionMask = 2147483647;
			files = (
				B5068EF52BACE8EE00B4EC60 /* Preview Assets.xcassets in Resources */,
				B5068EF22BACE8EE00B4EC60 /* Assets.xcassets in Resources */,
			);
			runOnlyForDeploymentPostprocessing = 0;
		};
		B5068EF82BACE8EE00B4EC60 /* Resources */ = {
			isa = PBXResourcesBuildPhase;
			buildActionMask = 2147483647;
			files = (
			);
			runOnlyForDeploymentPostprocessing = 0;
		};
		B5068F022BACE8EE00B4EC60 /* Resources */ = {
			isa = PBXResourcesBuildPhase;
			buildActionMask = 2147483647;
			files = (
			);
			runOnlyForDeploymentPostprocessing = 0;
		};
/* End PBXResourcesBuildPhase section */

/* Begin PBXSourcesBuildPhase section */
		B5068EE42BACE8EC00B4EC60 /* Sources */ = {
			isa = PBXSourcesBuildPhase;
			buildActionMask = 2147483647;
			files = (
				845141482BBF6366002A813A /* NavBar.swift in Sources */,
				842E5DCD2BD2E2DA008D901B /* SFSymbols.swift in Sources */,
				B5F21A9C2BBC6A08003D3109 /* NotesPage.swift in Sources */,
				B5068EEE2BACE8EC00B4EC60 /* ContentView.swift in Sources */,
				B5068EF02BACE8EC00B4EC60 /* Item.swift in Sources */,
				842E5DCF2BD304F1008D901B /* TabBarButton.swift in Sources */,
				8451414D2BCDF6DD002A813A /* AppNav.swift in Sources */,
				B5068EEC2BACE8EC00B4EC60 /* calendarAppApp.swift in Sources */,
			);
			runOnlyForDeploymentPostprocessing = 0;
		};
		B5068EF62BACE8EE00B4EC60 /* Sources */ = {
			isa = PBXSourcesBuildPhase;
			buildActionMask = 2147483647;
			files = (
				B5068EFF2BACE8EE00B4EC60 /* calendarAppTests.swift in Sources */,
			);
			runOnlyForDeploymentPostprocessing = 0;
		};
		B5068F002BACE8EE00B4EC60 /* Sources */ = {
			isa = PBXSourcesBuildPhase;
			buildActionMask = 2147483647;
			files = (
				B5068F0B2BACE8EE00B4EC60 /* calendarAppUITestsLaunchTests.swift in Sources */,
				B5068F092BACE8EE00B4EC60 /* calendarAppUITests.swift in Sources */,
			);
			runOnlyForDeploymentPostprocessing = 0;
		};
/* End PBXSourcesBuildPhase section */

/* Begin PBXTargetDependency section */
		B5068EFC2BACE8EE00B4EC60 /* PBXTargetDependency */ = {
			isa = PBXTargetDependency;
			target = B5068EE72BACE8EC00B4EC60 /* calendarApp */;
			targetProxy = B5068EFB2BACE8EE00B4EC60 /* PBXContainerItemProxy */;
		};
		B5068F062BACE8EE00B4EC60 /* PBXTargetDependency */ = {
			isa = PBXTargetDependency;
			target = B5068EE72BACE8EC00B4EC60 /* calendarApp */;
			targetProxy = B5068F052BACE8EE00B4EC60 /* PBXContainerItemProxy */;
		};
/* End PBXTargetDependency section */

/* Begin XCBuildConfiguration section */
		B5068F0C2BACE8EE00B4EC60 /* Debug */ = {
			isa = XCBuildConfiguration;
			buildSettings = {
				ALWAYS_SEARCH_USER_PATHS = NO;
				ASSETCATALOG_COMPILER_GENERATE_SWIFT_ASSET_SYMBOL_EXTENSIONS = YES;
				CLANG_ANALYZER_NONNULL = YES;
				CLANG_ANALYZER_NUMBER_OBJECT_CONVERSION = YES_AGGRESSIVE;
				CLANG_CXX_LANGUAGE_STANDARD = "gnu++20";
				CLANG_ENABLE_MODULES = YES;
				CLANG_ENABLE_OBJC_ARC = YES;
				CLANG_ENABLE_OBJC_WEAK = YES;
				CLANG_WARN_BLOCK_CAPTURE_AUTORELEASING = YES;
				CLANG_WARN_BOOL_CONVERSION = YES;
				CLANG_WARN_COMMA = YES;
				CLANG_WARN_CONSTANT_CONVERSION = YES;
				CLANG_WARN_DEPRECATED_OBJC_IMPLEMENTATIONS = YES;
				CLANG_WARN_DIRECT_OBJC_ISA_USAGE = YES_ERROR;
				CLANG_WARN_DOCUMENTATION_COMMENTS = YES;
				CLANG_WARN_EMPTY_BODY = YES;
				CLANG_WARN_ENUM_CONVERSION = YES;
				CLANG_WARN_INFINITE_RECURSION = YES;
				CLANG_WARN_INT_CONVERSION = YES;
				CLANG_WARN_NON_LITERAL_NULL_CONVERSION = YES;
				CLANG_WARN_OBJC_IMPLICIT_RETAIN_SELF = YES;
				CLANG_WARN_OBJC_LITERAL_CONVERSION = YES;
				CLANG_WARN_OBJC_ROOT_CLASS = YES_ERROR;
				CLANG_WARN_QUOTED_INCLUDE_IN_FRAMEWORK_HEADER = YES;
				CLANG_WARN_RANGE_LOOP_ANALYSIS = YES;
				CLANG_WARN_STRICT_PROTOTYPES = YES;
				CLANG_WARN_SUSPICIOUS_MOVE = YES;
				CLANG_WARN_UNGUARDED_AVAILABILITY = YES_AGGRESSIVE;
				CLANG_WARN_UNREACHABLE_CODE = YES;
				CLANG_WARN__DUPLICATE_METHOD_MATCH = YES;
				COPY_PHASE_STRIP = NO;
				DEBUG_INFORMATION_FORMAT = dwarf;
				ENABLE_STRICT_OBJC_MSGSEND = YES;
				ENABLE_TESTABILITY = YES;
				ENABLE_USER_SCRIPT_SANDBOXING = YES;
				GCC_C_LANGUAGE_STANDARD = gnu17;
				GCC_DYNAMIC_NO_PIC = NO;
				GCC_NO_COMMON_BLOCKS = YES;
				GCC_OPTIMIZATION_LEVEL = 0;
				GCC_PREPROCESSOR_DEFINITIONS = (
					"DEBUG=1",
					"$(inherited)",
				);
				GCC_WARN_64_TO_32_BIT_CONVERSION = YES;
				GCC_WARN_ABOUT_RETURN_TYPE = YES_ERROR;
				GCC_WARN_UNDECLARED_SELECTOR = YES;
				GCC_WARN_UNINITIALIZED_AUTOS = YES_AGGRESSIVE;
				GCC_WARN_UNUSED_FUNCTION = YES;
				GCC_WARN_UNUSED_VARIABLE = YES;
				IPHONEOS_DEPLOYMENT_TARGET = 17.4;
				LOCALIZATION_PREFERS_STRING_CATALOGS = YES;
				MTL_ENABLE_DEBUG_INFO = INCLUDE_SOURCE;
				MTL_FAST_MATH = YES;
				ONLY_ACTIVE_ARCH = YES;
				SDKROOT = iphoneos;
				SWIFT_ACTIVE_COMPILATION_CONDITIONS = "DEBUG $(inherited)";
				SWIFT_OPTIMIZATION_LEVEL = "-Onone";
			};
			name = Debug;
		};
		B5068F0D2BACE8EE00B4EC60 /* Release */ = {
			isa = XCBuildConfiguration;
			buildSettings = {
				ALWAYS_SEARCH_USER_PATHS = NO;
				ASSETCATALOG_COMPILER_GENERATE_SWIFT_ASSET_SYMBOL_EXTENSIONS = YES;
				CLANG_ANALYZER_NONNULL = YES;
				CLANG_ANALYZER_NUMBER_OBJECT_CONVERSION = YES_AGGRESSIVE;
				CLANG_CXX_LANGUAGE_STANDARD = "gnu++20";
				CLANG_ENABLE_MODULES = YES;
				CLANG_ENABLE_OBJC_ARC = YES;
				CLANG_ENABLE_OBJC_WEAK = YES;
				CLANG_WARN_BLOCK_CAPTURE_AUTORELEASING = YES;
				CLANG_WARN_BOOL_CONVERSION = YES;
				CLANG_WARN_COMMA = YES;
				CLANG_WARN_CONSTANT_CONVERSION = YES;
				CLANG_WARN_DEPRECATED_OBJC_IMPLEMENTATIONS = YES;
				CLANG_WARN_DIRECT_OBJC_ISA_USAGE = YES_ERROR;
				CLANG_WARN_DOCUMENTATION_COMMENTS = YES;
				CLANG_WARN_EMPTY_BODY = YES;
				CLANG_WARN_ENUM_CONVERSION = YES;
				CLANG_WARN_INFINITE_RECURSION = YES;
				CLANG_WARN_INT_CONVERSION = YES;
				CLANG_WARN_NON_LITERAL_NULL_CONVERSION = YES;
				CLANG_WARN_OBJC_IMPLICIT_RETAIN_SELF = YES;
				CLANG_WARN_OBJC_LITERAL_CONVERSION = YES;
				CLANG_WARN_OBJC_ROOT_CLASS = YES_ERROR;
				CLANG_WARN_QUOTED_INCLUDE_IN_FRAMEWORK_HEADER = YES;
				CLANG_WARN_RANGE_LOOP_ANALYSIS = YES;
				CLANG_WARN_STRICT_PROTOTYPES = YES;
				CLANG_WARN_SUSPICIOUS_MOVE = YES;
				CLANG_WARN_UNGUARDED_AVAILABILITY = YES_AGGRESSIVE;
				CLANG_WARN_UNREACHABLE_CODE = YES;
				CLANG_WARN__DUPLICATE_METHOD_MATCH = YES;
				COPY_PHASE_STRIP = NO;
				DEBUG_INFORMATION_FORMAT = "dwarf-with-dsym";
				ENABLE_NS_ASSERTIONS = NO;
				ENABLE_STRICT_OBJC_MSGSEND = YES;
				ENABLE_USER_SCRIPT_SANDBOXING = YES;
				GCC_C_LANGUAGE_STANDARD = gnu17;
				GCC_NO_COMMON_BLOCKS = YES;
				GCC_WARN_64_TO_32_BIT_CONVERSION = YES;
				GCC_WARN_ABOUT_RETURN_TYPE = YES_ERROR;
				GCC_WARN_UNDECLARED_SELECTOR = YES;
				GCC_WARN_UNINITIALIZED_AUTOS = YES_AGGRESSIVE;
				GCC_WARN_UNUSED_FUNCTION = YES;
				GCC_WARN_UNUSED_VARIABLE = YES;
				IPHONEOS_DEPLOYMENT_TARGET = 17.4;
				LOCALIZATION_PREFERS_STRING_CATALOGS = YES;
				MTL_ENABLE_DEBUG_INFO = NO;
				MTL_FAST_MATH = YES;
				SDKROOT = iphoneos;
				SWIFT_COMPILATION_MODE = wholemodule;
				VALIDATE_PRODUCT = YES;
			};
			name = Release;
		};
		B5068F0F2BACE8EE00B4EC60 /* Debug */ = {
			isa = XCBuildConfiguration;
			buildSettings = {
				ASSETCATALOG_COMPILER_APPICON_NAME = AppIcon;
				ASSETCATALOG_COMPILER_GLOBAL_ACCENT_COLOR_NAME = AccentColor;
				CODE_SIGN_STYLE = Automatic;
				CURRENT_PROJECT_VERSION = 1;
				DEVELOPMENT_ASSET_PATHS = "\"calendarApp/Preview Content\"";
				ENABLE_PREVIEWS = YES;
				GENERATE_INFOPLIST_FILE = YES;
				INFOPLIST_KEY_UIApplicationSceneManifest_Generation = YES;
				INFOPLIST_KEY_UIApplicationSupportsIndirectInputEvents = YES;
				INFOPLIST_KEY_UILaunchScreen_Generation = YES;
				INFOPLIST_KEY_UISupportedInterfaceOrientations_iPad = "UIInterfaceOrientationPortrait UIInterfaceOrientationPortraitUpsideDown UIInterfaceOrientationLandscapeLeft UIInterfaceOrientationLandscapeRight";
				INFOPLIST_KEY_UISupportedInterfaceOrientations_iPhone = "UIInterfaceOrientationPortrait UIInterfaceOrientationLandscapeLeft UIInterfaceOrientationLandscapeRight";
				LD_RUNPATH_SEARCH_PATHS = (
					"$(inherited)",
					"@executable_path/Frameworks",
				);
				MARKETING_VERSION = 1.0;
				PRODUCT_BUNDLE_IDENTIFIER = TechX.calendarApp;
				PRODUCT_NAME = "$(TARGET_NAME)";
				SWIFT_EMIT_LOC_STRINGS = YES;
				SWIFT_VERSION = 5.0;
				TARGETED_DEVICE_FAMILY = "1,2";
			};
			name = Debug;
		};
		B5068F102BACE8EE00B4EC60 /* Release */ = {
			isa = XCBuildConfiguration;
			buildSettings = {
				ASSETCATALOG_COMPILER_APPICON_NAME = AppIcon;
				ASSETCATALOG_COMPILER_GLOBAL_ACCENT_COLOR_NAME = AccentColor;
				CODE_SIGN_STYLE = Automatic;
				CURRENT_PROJECT_VERSION = 1;
				DEVELOPMENT_ASSET_PATHS = "\"calendarApp/Preview Content\"";
				ENABLE_PREVIEWS = YES;
				GENERATE_INFOPLIST_FILE = YES;
				INFOPLIST_KEY_UIApplicationSceneManifest_Generation = YES;
				INFOPLIST_KEY_UIApplicationSupportsIndirectInputEvents = YES;
				INFOPLIST_KEY_UILaunchScreen_Generation = YES;
				INFOPLIST_KEY_UISupportedInterfaceOrientations_iPad = "UIInterfaceOrientationPortrait UIInterfaceOrientationPortraitUpsideDown UIInterfaceOrientationLandscapeLeft UIInterfaceOrientationLandscapeRight";
				INFOPLIST_KEY_UISupportedInterfaceOrientations_iPhone = "UIInterfaceOrientationPortrait UIInterfaceOrientationLandscapeLeft UIInterfaceOrientationLandscapeRight";
				LD_RUNPATH_SEARCH_PATHS = (
					"$(inherited)",
					"@executable_path/Frameworks",
				);
				MARKETING_VERSION = 1.0;
				PRODUCT_BUNDLE_IDENTIFIER = TechX.calendarApp;
				PRODUCT_NAME = "$(TARGET_NAME)";
				SWIFT_EMIT_LOC_STRINGS = YES;
				SWIFT_VERSION = 5.0;
				TARGETED_DEVICE_FAMILY = "1,2";
			};
			name = Release;
		};
		B5068F122BACE8EE00B4EC60 /* Debug */ = {
			isa = XCBuildConfiguration;
			buildSettings = {
				ALWAYS_EMBED_SWIFT_STANDARD_LIBRARIES = YES;
				BUNDLE_LOADER = "$(TEST_HOST)";
				CODE_SIGN_STYLE = Automatic;
				CURRENT_PROJECT_VERSION = 1;
				GENERATE_INFOPLIST_FILE = YES;
				IPHONEOS_DEPLOYMENT_TARGET = 17.4;
				MARKETING_VERSION = 1.0;
				PRODUCT_BUNDLE_IDENTIFIER = TechX.calendarAppTests;
				PRODUCT_NAME = "$(TARGET_NAME)";
				SWIFT_EMIT_LOC_STRINGS = NO;
				SWIFT_VERSION = 5.0;
				TARGETED_DEVICE_FAMILY = "1,2";
				TEST_HOST = "$(BUILT_PRODUCTS_DIR)/calendarApp.app/$(BUNDLE_EXECUTABLE_FOLDER_PATH)/calendarApp";
			};
			name = Debug;
		};
		B5068F132BACE8EE00B4EC60 /* Release */ = {
			isa = XCBuildConfiguration;
			buildSettings = {
				ALWAYS_EMBED_SWIFT_STANDARD_LIBRARIES = YES;
				BUNDLE_LOADER = "$(TEST_HOST)";
				CODE_SIGN_STYLE = Automatic;
				CURRENT_PROJECT_VERSION = 1;
				GENERATE_INFOPLIST_FILE = YES;
				IPHONEOS_DEPLOYMENT_TARGET = 17.4;
				MARKETING_VERSION = 1.0;
				PRODUCT_BUNDLE_IDENTIFIER = TechX.calendarAppTests;
				PRODUCT_NAME = "$(TARGET_NAME)";
				SWIFT_EMIT_LOC_STRINGS = NO;
				SWIFT_VERSION = 5.0;
				TARGETED_DEVICE_FAMILY = "1,2";
				TEST_HOST = "$(BUILT_PRODUCTS_DIR)/calendarApp.app/$(BUNDLE_EXECUTABLE_FOLDER_PATH)/calendarApp";
			};
			name = Release;
		};
		B5068F152BACE8EE00B4EC60 /* Debug */ = {
			isa = XCBuildConfiguration;
			buildSettings = {
				ALWAYS_EMBED_SWIFT_STANDARD_LIBRARIES = YES;
				CODE_SIGN_STYLE = Automatic;
				CURRENT_PROJECT_VERSION = 1;
				GENERATE_INFOPLIST_FILE = YES;
				MARKETING_VERSION = 1.0;
				PRODUCT_BUNDLE_IDENTIFIER = TechX.calendarAppUITests;
				PRODUCT_NAME = "$(TARGET_NAME)";
				SWIFT_EMIT_LOC_STRINGS = NO;
				SWIFT_VERSION = 5.0;
				TARGETED_DEVICE_FAMILY = "1,2";
				TEST_TARGET_NAME = calendarApp;
			};
			name = Debug;
		};
		B5068F162BACE8EE00B4EC60 /* Release */ = {
			isa = XCBuildConfiguration;
			buildSettings = {
				ALWAYS_EMBED_SWIFT_STANDARD_LIBRARIES = YES;
				CODE_SIGN_STYLE = Automatic;
				CURRENT_PROJECT_VERSION = 1;
				GENERATE_INFOPLIST_FILE = YES;
				MARKETING_VERSION = 1.0;
				PRODUCT_BUNDLE_IDENTIFIER = TechX.calendarAppUITests;
				PRODUCT_NAME = "$(TARGET_NAME)";
				SWIFT_EMIT_LOC_STRINGS = NO;
				SWIFT_VERSION = 5.0;
				TARGETED_DEVICE_FAMILY = "1,2";
				TEST_TARGET_NAME = calendarApp;
			};
			name = Release;
		};
/* End XCBuildConfiguration section */

/* Begin XCConfigurationList section */
		B5068EE32BACE8EC00B4EC60 /* Build configuration list for PBXProject "calendarApp" */ = {
			isa = XCConfigurationList;
			buildConfigurations = (
				B5068F0C2BACE8EE00B4EC60 /* Debug */,
				B5068F0D2BACE8EE00B4EC60 /* Release */,
			);
			defaultConfigurationIsVisible = 0;
			defaultConfigurationName = Release;
		};
		B5068F0E2BACE8EE00B4EC60 /* Build configuration list for PBXNativeTarget "calendarApp" */ = {
			isa = XCConfigurationList;
			buildConfigurations = (
				B5068F0F2BACE8EE00B4EC60 /* Debug */,
				B5068F102BACE8EE00B4EC60 /* Release */,
			);
			defaultConfigurationIsVisible = 0;
			defaultConfigurationName = Release;
		};
		B5068F112BACE8EE00B4EC60 /* Build configuration list for PBXNativeTarget "calendarAppTests" */ = {
			isa = XCConfigurationList;
			buildConfigurations = (
				B5068F122BACE8EE00B4EC60 /* Debug */,
				B5068F132BACE8EE00B4EC60 /* Release */,
			);
			defaultConfigurationIsVisible = 0;
			defaultConfigurationName = Release;
		};
		B5068F142BACE8EE00B4EC60 /* Build configuration list for PBXNativeTarget "calendarAppUITests" */ = {
			isa = XCConfigurationList;
			buildConfigurations = (
				B5068F152BACE8EE00B4EC60 /* Debug */,
				B5068F162BACE8EE00B4EC60 /* Release */,
			);
			defaultConfigurationIsVisible = 0;
			defaultConfigurationName = Release;
		};
/* End XCConfigurationList section */
	};
	rootObject = B5068EE02BACE8EC00B4EC60 /* Project object */;
}
